
Microsoft Visual Studio Solution File, Format Version 12.00
# Visual Studio 2013
VisualStudioVersion = 12.0.40629.0
MinimumVisualStudioVersion = 10.0.40219.1
Project("{8BC9CEB8-8B4A-11D0-8D11-00A0C91BC942}") = "imgui_opengl", "imgui_opengl\imgui_opengl.vcxproj", "{AF810379-D164-4AD2-8F27-25D544D5B9C9}"
	ProjectSection(ProjectDependencies) = postProject
		{645F69EC-4646-4310-9A03-5A3E22E8013B} = {645F69EC-4646-4310-9A03-5A3E22E8013B}
	EndProjectSection
EndProject
Project("{8BC9CEB8-8B4A-11D0-8D11-00A0C91BC942}") = "imgui", "imgui\imgui.vcxproj", "{645F69EC-4646-4310-9A03-5A3E22E8013B}"
EndProject
Global
	GlobalSection(SolutionConfigurationPlatforms) = preSolution
		Debug|Win32 = Debug|Win32
		Release|Win32 = Release|Win32
	EndGlobalSection
	GlobalSection(ProjectConfigurationPlatforms) = postSolution
		{AF810379-D164-4AD2-8F27-25D544D5B9C9}.Debug|Win32.ActiveCfg = Debug|Win32
		{AF810379-D164-4AD2-8F27-25D544D5B9C9}.Debug|Win32.Build.0 = Debug|Win32
		{AF810379-D164-4AD2-8F27-25D544D5B9C9}.Release|Win32.ActiveCfg = Release|Win32
		{AF810379-D164-4AD2-8F27-25D544D5B9C9}.Release|Win32.Build.0 = Release|Win32
		{645F69EC-4646-4310-9A03-5A3E22E8013B}.Debug|Win32.ActiveCfg = Debug|Win32
		{645F69EC-4646-4310-9A03-5A3E22E8013B}.Debug|Win32.Build.0 = Debug|Win32
		{645F69EC-4646-4310-9A03-5A3E22E8013B}.Release|Win32.ActiveCfg = Release|Win32
		{645F69EC-4646-4310-9A03-5A3E22E8013B}.Release|Win32.Build.0 = Release|Win32
	EndGlobalSection
	GlobalSection(SolutionProperties) = preSolution
		HideSolutionNode = FALSE
	EndGlobalSection
EndGlobal
